{
  "name": "couchmigrate",
  "version": "1.0.0",
  "lockfileVersion": 2,
  "requires": true,
  "packages": {
    "": {
      "name": "couchmigrate",
      "version": "1.0.0",
      "license": "Apache-2.0",
      "dependencies": {
        "ccurllib": "^4.0.1"
      },
      "bin": {
        "couchmigrate": "bin/couchmigrate.bin.js"
      }
    },
    "node_modules/ccurllib": {
      "version": "4.0.1",
      "resolved": "https://registry.npmjs.org/ccurllib/-/ccurllib-4.0.1.tgz",
      "integrity": "sha512-NzyOZJin6QwzlNkbT8rTTwlVSXBvI8qZ8w9iZlIf56bRy3QYLDgnCcjSbCZ+4rvjFnRRzndiTryQ506a420k0w==",
      "license": "Apache-2.0"
    }
  },
  "dependencies": {
    "ccurllib": {
      "version": "4.0.1",
      "resolved": "https://registry.npmjs.org/ccurllib/-/ccurllib-4.0.1.tgz",
      "integrity": "sha512-NzyOZJin6QwzlNkbT8rTTwlVSXBvI8qZ8w9iZlIf56bRy3QYLDgnCcjSbCZ+4rvjFnRRzndiTryQ506a420k0w=="
    }
  }
}
