{
  "name": "couchmigrate",
  "version": "0.7.0",
  "lockfileVersion": 2,
  "requires": true,
  "packages": {
    "": {
      "name": "couchmigrate",
      "version": "0.7.0",
      "license": "Apache-2.0",
      "dependencies": {
        "ccurllib": "^3.0.1"
      },
      "bin": {
        "couchmigrate": "bin/couchmigrate.bin.js"
      }
    },
    "node_modules/ccurllib": {
      "version": "3.0.1",
      "resolved": "https://registry.npmjs.org/ccurllib/-/ccurllib-3.0.1.tgz",
      "integrity": "sha512-W4Qb8bi1V8/ShLAlP1PzU2txb2KgA6/Knq519jgqX/1WAwCb16HoMrMBuWROzrXP3L+1tDhBbb6lH9CxMOkBrg=="
    }
  },
  "dependencies": {
    "ccurllib": {
      "version": "3.0.1",
      "resolved": "https://registry.npmjs.org/ccurllib/-/ccurllib-3.0.1.tgz",
      "integrity": "sha512-W4Qb8bi1V8/ShLAlP1PzU2txb2KgA6/Knq519jgqX/1WAwCb16HoMrMBuWROzrXP3L+1tDhBbb6lH9CxMOkBrg=="
    }
  }
}
