{
  "name": "couchmigrate",
  "version": "1.0.1",
  "lockfileVersion": 2,
  "requires": true,
  "packages": {
    "": {
      "name": "couchmigrate",
      "version": "1.0.1",
      "license": "Apache-2.0",
      "dependencies": {
        "ccurllib": "^4.0.3"
      },
      "bin": {
        "couchmigrate": "bin/couchmigrate.bin.js"
      }
    },
    "node_modules/ccurllib": {
      "version": "4.0.3",
      "resolved": "https://registry.npmjs.org/ccurllib/-/ccurllib-4.0.3.tgz",
      "integrity": "sha512-mxgRXdwUd4fRonJsSexXCEudaCEH66ql3GmLLgUv8iIFo7ZZyCB3e9ot7yg4C9hOAodVlSxrQp6DXQvC4bC6mQ==",
      "license": "Apache-2.0"
    }
  },
  "dependencies": {
    "ccurllib": {
      "version": "4.0.3",
      "resolved": "https://registry.npmjs.org/ccurllib/-/ccurllib-4.0.3.tgz",
      "integrity": "sha512-mxgRXdwUd4fRonJsSexXCEudaCEH66ql3GmLLgUv8iIFo7ZZyCB3e9ot7yg4C9hOAodVlSxrQp6DXQvC4bC6mQ=="
    }
  }
}
